// !$*UTF8*$!
{
	archiveVersion = 1;
	classes = {
	};
	objectVersion = 56;
	objects = {

/* Begin PBXBuildFile section */
		03A8108629C2C535007EABB7 /* SwiftUITestingApplicationApp.swift in Sources */ = {isa = PBXBuildFile; fileRef = 03A8108529C2C535007EABB7 /* SwiftUITestingApplicationApp.swift */; };
		03A8108829C2C535007EABB7 /* ContentView.swift in Sources */ = {isa = PBXBuildFile; fileRef = 03A8108729C2C535007EABB7 /* ContentView.swift */; };
		03A8108A29C2C536007EABB7 /* Assets.xcassets in Resources */ = {isa = PBXBuildFile; fileRef = 03A8108929C2C536007EABB7 /* Assets.xcassets */; };
		03A8108D29C2C536007EABB7 /* Preview Assets.xcassets in Resources */ = {isa = PBXBuildFile; fileRef = 03A8108C29C2C536007EABB7 /* Preview Assets.xcassets */; };
		03A8109729C2C536007EABB7 /* SwiftUITestingApplicationTests.swift in Sources */ = {isa = PBXBuildFile; fileRef = 03A8109629C2C536007EABB7 /* SwiftUITestingApplicationTests.swift */; };
		03A810A329C2C536007EABB7 /* SwiftUITestingApplicationUITestsLaunchTests.swift in Sources */ = {isa = PBXBuildFile; fileRef = 03A810A229C2C536007EABB7 /* SwiftUITestingApplicationUITestsLaunchTests.swift */; };
		03A810B029C2C603007EABB7 /* Operator+Extensions.swift in Sources */ = {isa = PBXBuildFile; fileRef = 03A810AF29C2C603007EABB7 /* Operator+Extensions.swift */; };
		03A810B329C2C8D5007EABB7 /* SwiftUITestingApplicationUITests.swift in Sources */ = {isa = PBXBuildFile; fileRef = 03A810A029C2C536007EABB7 /* SwiftUITestingApplicationUITests.swift */; };
		03A810B429C2C942007EABB7 /* Operator+Extensions.swift in Sources */ = {isa = PBXBuildFile; fileRef = 03A810AF29C2C603007EABB7 /* Operator+Extensions.swift */; };
/* End PBXBuildFile section */

/* Begin PBXContainerItemProxy section */
		03A8109329C2C536007EABB7 /* PBXContainerItemProxy */ = {
			isa = PBXContainerItemProxy;
			containerPortal = 03A8107A29C2C535007EABB7 /* Project object */;
			proxyType = 1;
			remoteGlobalIDString = 03A8108129C2C535007EABB7;
			remoteInfo = SwiftUITestingApplication;
		};
		03A8109D29C2C536007EABB7 /* PBXContainerItemProxy */ = {
			isa = PBXContainerItemProxy;
			containerPortal = 03A8107A29C2C535007EABB7 /* Project object */;
			proxyType = 1;
			remoteGlobalIDString = 03A8108129C2C535007EABB7;
			remoteInfo = SwiftUITestingApplication;
		};
/* End PBXContainerItemProxy section */

/* Begin PBXFileReference section */
		03A8108229C2C535007EABB7 /* SwiftUITestingApplication.app */ = {isa = PBXFileReference; explicitFileType = wrapper.application; includeInIndex = 0; path = SwiftUITestingApplication.app; sourceTree = BUILT_PRODUCTS_DIR; };
		03A8108529C2C535007EABB7 /* SwiftUITestingApplicationApp.swift */ = {isa = PBXFileReference; lastKnownFileType = sourcecode.swift; path = SwiftUITestingApplicationApp.swift; sourceTree = "<group>"; };
		03A8108729C2C535007EABB7 /* ContentView.swift */ = {isa = PBXFileReference; lastKnownFileType = sourcecode.swift; path = ContentView.swift; sourceTree = "<group>"; };
		03A8108929C2C536007EABB7 /* Assets.xcassets */ = {isa = PBXFileReference; lastKnownFileType = folder.assetcatalog; path = Assets.xcassets; sourceTree = "<group>"; };
		03A8108C29C2C536007EABB7 /* Preview Assets.xcassets */ = {isa = PBXFileReference; lastKnownFileType = folder.assetcatalog; path = "Preview Assets.xcassets"; sourceTree = "<group>"; };
		03A8109229C2C536007EABB7 /* SwiftUITestingApplicationTests.xctest */ = {isa = PBXFileReference; explicitFileType = wrapper.cfbundle; includeInIndex = 0; path = SwiftUITestingApplicationTests.xctest; sourceTree = BUILT_PRODUCTS_DIR; };
		03A8109629C2C536007EABB7 /* SwiftUITestingApplicationTests.swift */ = {isa = PBXFileReference; lastKnownFileType = sourcecode.swift; path = SwiftUITestingApplicationTests.swift; sourceTree = "<group>"; };
		03A8109C29C2C536007EABB7 /* SwiftUITestingApplicationUITests.xctest */ = {isa = PBXFileReference; explicitFileType = wrapper.cfbundle; includeInIndex = 0; path = SwiftUITestingApplicationUITests.xctest; sourceTree = BUILT_PRODUCTS_DIR; };
		03A810A029C2C536007EABB7 /* SwiftUITestingApplicationUITests.swift */ = {isa = PBXFileReference; lastKnownFileType = sourcecode.swift; path = SwiftUITestingApplicationUITests.swift; sourceTree = "<group>"; };
		03A810A229C2C536007EABB7 /* SwiftUITestingApplicationUITestsLaunchTests.swift */ = {isa = PBXFileReference; lastKnownFileType = sourcecode.swift; path = SwiftUITestingApplicationUITestsLaunchTests.swift; sourceTree = "<group>"; };
		03A810AF29C2C603007EABB7 /* Operator+Extensions.swift */ = {isa = PBXFileReference; lastKnownFileType = sourcecode.swift; path = "Operator+Extensions.swift"; sourceTree = "<group>"; };
/* End PBXFileReference section */

/* Begin PBXFrameworksBuildPhase section */
		03A8107F29C2C535007EABB7 /* Frameworks */ = {
			isa = PBXFrameworksBuildPhase;
			buildActionMask = 2147483647;
			files = (
			);
			runOnlyForDeploymentPostprocessing = 0;
		};
		03A8108F29C2C536007EABB7 /* Frameworks */ = {
			isa = PBXFrameworksBuildPhase;
			buildActionMask = 2147483647;
			files = (
			);
			runOnlyForDeploymentPostprocessing = 0;
		};
		03A8109929C2C536007EABB7 /* Frameworks */ = {
			isa = PBXFrameworksBuildPhase;
			buildActionMask = 2147483647;
			files = (
			);
			runOnlyForDeploymentPostprocessing = 0;
		};
/* End PBXFrameworksBuildPhase section */

/* Begin PBXGroup section */
		03A8107929C2C535007EABB7 = {
			isa = PBXGroup;
			children = (
				03A8108429C2C535007EABB7 /* SwiftUITestingApplication */,
				03A8109529C2C536007EABB7 /* SwiftUITestingApplicationTests */,
				03A8109F29C2C536007EABB7 /* SwiftUITestingApplicationUITests */,
				03A8108329C2C535007EABB7 /* Products */,
			);
			sourceTree = "<group>";
		};
		03A8108329C2C535007EABB7 /* Products */ = {
			isa = PBXGroup;
			children = (
				03A8108229C2C535007EABB7 /* SwiftUITestingApplication.app */,
				03A8109229C2C536007EABB7 /* SwiftUITestingApplicationTests.xctest */,
				03A8109C29C2C536007EABB7 /* SwiftUITestingApplicationUITests.xctest */,
			);
			name = Products;
			sourceTree = "<group>";
		};
		03A8108429C2C535007EABB7 /* SwiftUITestingApplication */ = {
			isa = PBXGroup;
			children = (
				03A8108529C2C535007EABB7 /* SwiftUITestingApplicationApp.swift */,
				03A8108729C2C535007EABB7 /* ContentView.swift */,
				03A8108929C2C536007EABB7 /* Assets.xcassets */,
				03A8108B29C2C536007EABB7 /* Preview Content */,
				03A810AF29C2C603007EABB7 /* Operator+Extensions.swift */,
			);
			path = SwiftUITestingApplication;
			sourceTree = "<group>";
		};
		03A8108B29C2C536007EABB7 /* Preview Content */ = {
			isa = PBXGroup;
			children = (
				03A8108C29C2C536007EABB7 /* Preview Assets.xcassets */,
			);
			path = "Preview Content";
			sourceTree = "<group>";
		};
		03A8109529C2C536007EABB7 /* SwiftUITestingApplicationTests */ = {
			isa = PBXGroup;
			children = (
				03A8109629C2C536007EABB7 /* SwiftUITestingApplicationTests.swift */,
			);
			path = SwiftUITestingApplicationTests;
			sourceTree = "<group>";
		};
		03A8109F29C2C536007EABB7 /* SwiftUITestingApplicationUITests */ = {
			isa = PBXGroup;
			children = (
				03A810A029C2C536007EABB7 /* SwiftUITestingApplicationUITests.swift */,
				03A810A229C2C536007EABB7 /* SwiftUITestingApplicationUITestsLaunchTests.swift */,
			);
			path = SwiftUITestingApplicationUITests;
			sourceTree = "<group>";
		};
/* End PBXGroup section */

/* Begin PBXNativeTarget section */
		03A8108129C2C535007EABB7 /* SwiftUITestingApplication */ = {
			isa = PBXNativeTarget;
			buildConfigurationList = 03A810A629C2C536007EABB7 /* Build configuration list for PBXNativeTarget "SwiftUITestingApplication" */;
			buildPhases = (
				03A8107E29C2C535007EABB7 /* Sources */,
				03A8107F29C2C535007EABB7 /* Frameworks */,
				03A8108029C2C535007EABB7 /* Resources */,
			);
			buildRules = (
			);
			dependencies = (
			);
			name = SwiftUITestingApplication;
			productName = SwiftUITestingApplication;
			productReference = 03A8108229C2C535007EABB7 /* SwiftUITestingApplication.app */;
			productType = "com.apple.product-type.application";
		};
		03A8109129C2C536007EABB7 /* SwiftUITestingApplicationTests */ = {
			isa = PBXNativeTarget;
			buildConfigurationList = 03A810A929C2C536007EABB7 /* Build configuration list for PBXNativeTarget "SwiftUITestingApplicationTests" */;
			buildPhases = (
				03A8108E29C2C536007EABB7 /* Sources */,
				03A8108F29C2C536007EABB7 /* Frameworks */,
				03A8109029C2C536007EABB7 /* Resources */,
			);
			buildRules = (
			);
			dependencies = (
				03A8109429C2C536007EABB7 /* PBXTargetDependency */,
			);
			name = SwiftUITestingApplicationTests;
			productName = SwiftUITestingApplicationTests;
			productReference = 03A8109229C2C536007EABB7 /* SwiftUITestingApplicationTests.xctest */;
			productType = "com.apple.product-type.bundle.unit-test";
		};
		03A8109B29C2C536007EABB7 /* SwiftUITestingApplicationUITests */ = {
			isa = PBXNativeTarget;
			buildConfigurationList = 03A810AC29C2C536007EABB7 /* Build configuration list for PBXNativeTarget "SwiftUITestingApplicationUITests" */;
			buildPhases = (
				03A8109829C2C536007EABB7 /* Sources */,
				03A8109929C2C536007EABB7 /* Frameworks */,
				03A8109A29C2C536007EABB7 /* Resources */,
			);
			buildRules = (
			);
			dependencies = (
				03A8109E29C2C536007EABB7 /* PBXTargetDependency */,
			);
			name = SwiftUITestingApplicationUITests;
			productName = SwiftUITestingApplicationUITests;
			productReference = 03A8109C29C2C536007EABB7 /* SwiftUITestingApplicationUITests.xctest */;
			productType = "com.apple.product-type.bundle.ui-testing";
		};
/* End PBXNativeTarget section */

/* Begin PBXProject section */
		03A8107A29C2C535007EABB7 /* Project object */ = {
			isa = PBXProject;
			attributes = {
				BuildIndependentTargetsInParallel = 1;
				LastSwiftUpdateCheck = 1420;
				LastUpgradeCheck = 1420;
				TargetAttributes = {
					03A8108129C2C535007EABB7 = {
						CreatedOnToolsVersion = 14.2;
					};
					03A8109129C2C536007EABB7 = {
						CreatedOnToolsVersion = 14.2;
						TestTargetID = 03A8108129C2C535007EABB7;
					};
					03A8109B29C2C536007EABB7 = {
						CreatedOnToolsVersion = 14.2;
						TestTargetID = 03A8108129C2C535007EABB7;
					};
				};
			};
			buildConfigurationList = 03A8107D29C2C535007EABB7 /* Build configuration list for PBXProject "SwiftUITestingApplication" */;
			compatibilityVersion = "Xcode 14.0";
			developmentRegion = en;
			hasScannedForEncodings = 0;
			knownRegions = (
				en,
				Base,
			);
			mainGroup = 03A8107929C2C535007EABB7;
			productRefGroup = 03A8108329C2C535007EABB7 /* Products */;
			projectDirPath = "";
			projectRoot = "";
			targets = (
				03A8108129C2C535007EABB7 /* SwiftUITestingApplication */,
				03A8109129C2C536007EABB7 /* SwiftUITestingApplicationTests */,
				03A8109B29C2C536007EABB7 /* SwiftUITestingApplicationUITests */,
			);
		};
/* End PBXProject section */

/* Begin PBXResourcesBuildPhase section */
		03A8108029C2C535007EABB7 /* Resources */ = {
			isa = PBXResourcesBuildPhase;
			buildActionMask = 2147483647;
			files = (
				03A8108D29C2C536007EABB7 /* Preview Assets.xcassets in Resources */,
				03A8108A29C2C536007EABB7 /* Assets.xcassets in Resources */,
			);
			runOnlyForDeploymentPostprocessing = 0;
		};
		03A8109029C2C536007EABB7 /* Resources */ = {
			isa = PBXResourcesBuildPhase;
			buildActionMask = 2147483647;
			files = (
			);
			runOnlyForDeploymentPostprocessing = 0;
		};
		03A8109A29C2C536007EABB7 /* Resources */ = {
			isa = PBXResourcesBuildPhase;
			buildActionMask = 2147483647;
			files = (
			);
			runOnlyForDeploymentPostprocessing = 0;
		};
/* End PBXResourcesBuildPhase section */

/* Begin PBXSourcesBuildPhase section */
		03A8107E29C2C535007EABB7 /* Sources */ = {
			isa = PBXSourcesBuildPhase;
			buildActionMask = 2147483647;
			files = (
				03A810B029C2C603007EABB7 /* Operator+Extensions.swift in Sources */,
				03A8108829C2C535007EABB7 /* ContentView.swift in Sources */,
				03A8108629C2C535007EABB7 /* SwiftUITestingApplicationApp.swift in Sources */,
			);
			runOnlyForDeploymentPostprocessing = 0;
		};
		03A8108E29C2C536007EABB7 /* Sources */ = {
			isa = PBXSourcesBuildPhase;
			buildActionMask = 2147483647;
			files = (
				03A8109729C2C536007EABB7 /* SwiftUITestingApplicationTests.swift in Sources */,
				03A810B429C2C942007EABB7 /* Operator+Extensions.swift in Sources */,
			);
			runOnlyForDeploymentPostprocessing = 0;
		};
		03A8109829C2C536007EABB7 /* Sources */ = {
			isa = PBXSourcesBuildPhase;
			buildActionMask = 2147483647;
			files = (
				03A810A329C2C536007EABB7 /* SwiftUITestingApplicationUITestsLaunchTests.swift in Sources */,
				03A810B329C2C8D5007EABB7 /* SwiftUITestingApplicationUITests.swift in Sources */,
			);
			runOnlyForDeploymentPostprocessing = 0;
		};
/* End PBXSourcesBuildPhase section */

/* Begin PBXTargetDependency section */
		03A8109429C2C536007EABB7 /* PBXTargetDependency */ = {
			isa = PBXTargetDependency;
			target = 03A8108129C2C535007EABB7 /* SwiftUITestingApplication */;
			targetProxy = 03A8109329C2C536007EABB7 /* PBXContainerItemProxy */;
		};
		03A8109E29C2C536007EABB7 /* PBXTargetDependency */ = {
			isa = PBXTargetDependency;
			target = 03A8108129C2C535007EABB7 /* SwiftUITestingApplication */;
			targetProxy = 03A8109D29C2C536007EABB7 /* PBXContainerItemProxy */;
		};
/* End PBXTargetDependency section */

/* Begin XCBuildConfiguration section */
		03A810A429C2C536007EABB7 /* Debug */ = {
			isa = XCBuildConfiguration;
			buildSettings = {
				ALWAYS_SEARCH_USER_PATHS = NO;
				CLANG_ANALYZER_NONNULL = YES;
				CLANG_ANALYZER_NUMBER_OBJECT_CONVERSION = YES_AGGRESSIVE;
				CLANG_CXX_LANGUAGE_STANDARD = "gnu++20";
				CLANG_ENABLE_MODULES = YES;
				CLANG_ENABLE_OBJC_ARC = YES;
				CLANG_ENABLE_OBJC_WEAK = YES;
				CLANG_WARN_BLOCK_CAPTURE_AUTORELEASING = YES;
				CLANG_WARN_BOOL_CONVERSION = YES;
				CLANG_WARN_COMMA = YES;
				CLANG_WARN_CONSTANT_CONVERSION = YES;
				CLANG_WARN_DEPRECATED_OBJC_IMPLEMENTATIONS = YES;
				CLANG_WARN_DIRECT_OBJC_ISA_USAGE = YES_ERROR;
				CLANG_WARN_DOCUMENTATION_COMMENTS = YES;
				CLANG_WARN_EMPTY_BODY = YES;
				CLANG_WARN_ENUM_CONVERSION = YES;
				CLANG_WARN_INFINITE_RECURSION = YES;
				CLANG_WARN_INT_CONVERSION = YES;
				CLANG_WARN_NON_LITERAL_NULL_CONVERSION = YES;
				CLANG_WARN_OBJC_IMPLICIT_RETAIN_SELF = YES;
				CLANG_WARN_OBJC_LITERAL_CONVERSION = YES;
				CLANG_WARN_OBJC_ROOT_CLASS = YES_ERROR;
				CLANG_WARN_QUOTED_INCLUDE_IN_FRAMEWORK_HEADER = YES;
				CLANG_WARN_RANGE_LOOP_ANALYSIS = YES;
				CLANG_WARN_STRICT_PROTOTYPES = YES;
				CLANG_WARN_SUSPICIOUS_MOVE = YES;
				CLANG_WARN_UNGUARDED_AVAILABILITY = YES_AGGRESSIVE;
				CLANG_WARN_UNREACHABLE_CODE = YES;
				CLANG_WARN__DUPLICATE_METHOD_MATCH = YES;
				COPY_PHASE_STRIP = NO;
				DEBUG_INFORMATION_FORMAT = dwarf;
				ENABLE_STRICT_OBJC_MSGSEND = YES;
				ENABLE_TESTABILITY = YES;
				GCC_C_LANGUAGE_STANDARD = gnu11;
				GCC_DYNAMIC_NO_PIC = NO;
				GCC_NO_COMMON_BLOCKS = YES;
				GCC_OPTIMIZATION_LEVEL = 0;
				GCC_PREPROCESSOR_DEFINITIONS = (
					"DEBUG=1",
					"$(inherited)",
				);
				GCC_WARN_64_TO_32_BIT_CONVERSION = YES;
				GCC_WARN_ABOUT_RETURN_TYPE = YES_ERROR;
				GCC_WARN_UNDECLARED_SELECTOR = YES;
				GCC_WARN_UNINITIALIZED_AUTOS = YES_AGGRESSIVE;
				GCC_WARN_UNUSED_FUNCTION = YES;
				GCC_WARN_UNUSED_VARIABLE = YES;
				IPHONEOS_DEPLOYMENT_TARGET = 16.2;
				MTL_ENABLE_DEBUG_INFO = INCLUDE_SOURCE;
				MTL_FAST_MATH = YES;
				ONLY_ACTIVE_ARCH = YES;
				SDKROOT = iphoneos;
				SWIFT_ACTIVE_COMPILATION_CONDITIONS = DEBUG;
				SWIFT_OPTIMIZATION_LEVEL = "-Onone";
			};
			name = Debug;
		};
		03A810A529C2C536007EABB7 /* Release */ = {
			isa = XCBuildConfiguration;
			buildSettings = {
				ALWAYS_SEARCH_USER_PATHS = NO;
				CLANG_ANALYZER_NONNULL = YES;
				CLANG_ANALYZER_NUMBER_OBJECT_CONVERSION = YES_AGGRESSIVE;
				CLANG_CXX_LANGUAGE_STANDARD = "gnu++20";
				CLANG_ENABLE_MODULES = YES;
				CLANG_ENABLE_OBJC_ARC = YES;
				CLANG_ENABLE_OBJC_WEAK = YES;
				CLANG_WARN_BLOCK_CAPTURE_AUTORELEASING = YES;
				CLANG_WARN_BOOL_CONVERSION = YES;
				CLANG_WARN_COMMA = YES;
				CLANG_WARN_CONSTANT_CONVERSION = YES;
				CLANG_WARN_DEPRECATED_OBJC_IMPLEMENTATIONS = YES;
				CLANG_WARN_DIRECT_OBJC_ISA_USAGE = YES_ERROR;
				CLANG_WARN_DOCUMENTATION_COMMENTS = YES;
				CLANG_WARN_EMPTY_BODY = YES;
				CLANG_WARN_ENUM_CONVERSION = YES;
				CLANG_WARN_INFINITE_RECURSION = YES;
				CLANG_WARN_INT_CONVERSION = YES;
				CLANG_WARN_NON_LITERAL_NULL_CONVERSION = YES;
				CLANG_WARN_OBJC_IMPLICIT_RETAIN_SELF = YES;
				CLANG_WARN_OBJC_LITERAL_CONVERSION = YES;
				CLANG_WARN_OBJC_ROOT_CLASS = YES_ERROR;
				CLANG_WARN_QUOTED_INCLUDE_IN_FRAMEWORK_HEADER = YES;
				CLANG_WARN_RANGE_LOOP_ANALYSIS = YES;
				CLANG_WARN_STRICT_PROTOTYPES = YES;
				CLANG_WARN_SUSPICIOUS_MOVE = YES;
				CLANG_WARN_UNGUARDED_AVAILABILITY = YES_AGGRESSIVE;
				CLANG_WARN_UNREACHABLE_CODE = YES;
				CLANG_WARN__DUPLICATE_METHOD_MATCH = YES;
				COPY_PHASE_STRIP = NO;
				DEBUG_INFORMATION_FORMAT = "dwarf-with-dsym";
				ENABLE_NS_ASSERTIONS = NO;
				ENABLE_STRICT_OBJC_MSGSEND = YES;
				GCC_C_LANGUAGE_STANDARD = gnu11;
				GCC_NO_COMMON_BLOCKS = YES;
				GCC_WARN_64_TO_32_BIT_CONVERSION = YES;
				GCC_WARN_ABOUT_RETURN_TYPE = YES_ERROR;
				GCC_WARN_UNDECLARED_SELECTOR = YES;
				GCC_WARN_UNINITIALIZED_AUTOS = YES_AGGRESSIVE;
				GCC_WARN_UNUSED_FUNCTION = YES;
				GCC_WARN_UNUSED_VARIABLE = YES;
				IPHONEOS_DEPLOYMENT_TARGET = 16.2;
				MTL_ENABLE_DEBUG_INFO = NO;
				MTL_FAST_MATH = YES;
				SDKROOT = iphoneos;
				SWIFT_COMPILATION_MODE = wholemodule;
				SWIFT_OPTIMIZATION_LEVEL = "-O";
				VALIDATE_PRODUCT = YES;
			};
			name = Release;
		};
		03A810A729C2C536007EABB7 /* Debug */ = {
			isa = XCBuildConfiguration;
			buildSettings = {
				ASSETCATALOG_COMPILER_APPICON_NAME = AppIcon;
				ASSETCATALOG_COMPILER_GLOBAL_ACCENT_COLOR_NAME = AccentColor;
				CODE_SIGN_STYLE = Automatic;
				CURRENT_PROJECT_VERSION = 1;
				DEVELOPMENT_ASSET_PATHS = "\"SwiftUITestingApplication/Preview Content\"";
				DEVELOPMENT_TEAM = E8QYVX8BM8;
				ENABLE_PREVIEWS = YES;
				GENERATE_INFOPLIST_FILE = YES;
				INFOPLIST_KEY_UIApplicationSceneManifest_Generation = YES;
				INFOPLIST_KEY_UIApplicationSupportsIndirectInputEvents = YES;
				INFOPLIST_KEY_UILaunchScreen_Generation = YES;
				INFOPLIST_KEY_UISupportedInterfaceOrientations_iPad = "UIInterfaceOrientationPortrait UIInterfaceOrientationPortraitUpsideDown UIInterfaceOrientationLandscapeLeft UIInterfaceOrientationLandscapeRight";
				INFOPLIST_KEY_UISupportedInterfaceOrientations_iPhone = "UIInterfaceOrientationPortrait UIInterfaceOrientationLandscapeLeft UIInterfaceOrientationLandscapeRight";
				LD_RUNPATH_SEARCH_PATHS = (
					"$(inherited)",
					"@executable_path/Frameworks",
				);
				MARKETING_VERSION = 1.0;
				PRODUCT_BUNDLE_IDENTIFIER = JDSSwiftUITesting.SwiftUITestingApplication;
				PRODUCT_NAME = "$(TARGET_NAME)";
				SWIFT_EMIT_LOC_STRINGS = YES;
				SWIFT_VERSION = 5.0;
				TARGETED_DEVICE_FAMILY = "1,2";
			};
			name = Debug;
		};
		03A810A829C2C536007EABB7 /* Release */ = {
			isa = XCBuildConfiguration;
			buildSettings = {
				ASSETCATALOG_COMPILER_APPICON_NAME = AppIcon;
				ASSETCATALOG_COMPILER_GLOBAL_ACCENT_COLOR_NAME = AccentColor;
				CODE_SIGN_STYLE = Automatic;
				CURRENT_PROJECT_VERSION = 1;
				DEVELOPMENT_ASSET_PATHS = "\"SwiftUITestingApplication/Preview Content\"";
				DEVELOPMENT_TEAM = E8QYVX8BM8;
				ENABLE_PREVIEWS = YES;
				GENERATE_INFOPLIST_FILE = YES;
				INFOPLIST_KEY_UIApplicationSceneManifest_Generation = YES;
				INFOPLIST_KEY_UIApplicationSupportsIndirectInputEvents = YES;
				INFOPLIST_KEY_UILaunchScreen_Generation = YES;
				INFOPLIST_KEY_UISupportedInterfaceOrientations_iPad = "UIInterfaceOrientationPortrait UIInterfaceOrientationPortraitUpsideDown UIInterfaceOrientationLandscapeLeft UIInterfaceOrientationLandscapeRight";
				INFOPLIST_KEY_UISupportedInterfaceOrientations_iPhone = "UIInterfaceOrientationPortrait UIInterfaceOrientationLandscapeLeft UIInterfaceOrientationLandscapeRight";
				LD_RUNPATH_SEARCH_PATHS = (
					"$(inherited)",
					"@executable_path/Frameworks",
				);
				MARKETING_VERSION = 1.0;
				PRODUCT_BUNDLE_IDENTIFIER = JDSSwiftUITesting.SwiftUITestingApplication;
				PRODUCT_NAME = "$(TARGET_NAME)";
				SWIFT_EMIT_LOC_STRINGS = YES;
				SWIFT_VERSION = 5.0;
				TARGETED_DEVICE_FAMILY = "1,2";
			};
			name = Release;
		};
		03A810AA29C2C536007EABB7 /* Debug */ = {
			isa = XCBuildConfiguration;
			buildSettings = {
				ALWAYS_EMBED_SWIFT_STANDARD_LIBRARIES = YES;
				BUNDLE_LOADER = "$(TEST_HOST)";
				CODE_SIGN_STYLE = Automatic;
				CURRENT_PROJECT_VERSION = 1;
				DEVELOPMENT_TEAM = E8QYVX8BM8;
				GENERATE_INFOPLIST_FILE = YES;
				IPHONEOS_DEPLOYMENT_TARGET = 16.2;
				MARKETING_VERSION = 1.0;
				PRODUCT_BUNDLE_IDENTIFIER = JDSSwiftUITesting.SwiftUITestingApplicationTests;
				PRODUCT_NAME = "$(TARGET_NAME)";
				SWIFT_EMIT_LOC_STRINGS = NO;
				SWIFT_VERSION = 5.0;
				TARGETED_DEVICE_FAMILY = "1,2";
				TEST_HOST = "$(BUILT_PRODUCTS_DIR)/SwiftUITestingApplication.app/$(BUNDLE_EXECUTABLE_FOLDER_PATH)/SwiftUITestingApplication";
			};
			name = Debug;
		};
		03A810AB29C2C536007EABB7 /* Release */ = {
			isa = XCBuildConfiguration;
			buildSettings = {
				ALWAYS_EMBED_SWIFT_STANDARD_LIBRARIES = YES;
				BUNDLE_LOADER = "$(TEST_HOST)";
				CODE_SIGN_STYLE = Automatic;
				CURRENT_PROJECT_VERSION = 1;
				DEVELOPMENT_TEAM = E8QYVX8BM8;
				GENERATE_INFOPLIST_FILE = YES;
				IPHONEOS_DEPLOYMENT_TARGET = 16.2;
				MARKETING_VERSION = 1.0;
				PRODUCT_BUNDLE_IDENTIFIER = JDSSwiftUITesting.SwiftUITestingApplicationTests;
				PRODUCT_NAME = "$(TARGET_NAME)";
				SWIFT_EMIT_LOC_STRINGS = NO;
				SWIFT_VERSION = 5.0;
				TARGETED_DEVICE_FAMILY = "1,2";
				TEST_HOST = "$(BUILT_PRODUCTS_DIR)/SwiftUITestingApplication.app/$(BUNDLE_EXECUTABLE_FOLDER_PATH)/SwiftUITestingApplication";
			};
			name = Release;
		};
		03A810AD29C2C536007EABB7 /* Debug */ = {
			isa = XCBuildConfiguration;
			buildSettings = {
				ALWAYS_EMBED_SWIFT_STANDARD_LIBRARIES = YES;
				CODE_SIGN_STYLE = Automatic;
				CURRENT_PROJECT_VERSION = 1;
				DEVELOPMENT_TEAM = E8QYVX8BM8;
				GENERATE_INFOPLIST_FILE = YES;
				MARKETING_VERSION = 1.0;
				PRODUCT_BUNDLE_IDENTIFIER = JDSSwiftUITesting.SwiftUITestingApplicationUITests;
				PRODUCT_NAME = "$(TARGET_NAME)";
				SWIFT_EMIT_LOC_STRINGS = NO;
				SWIFT_VERSION = 5.0;
				TARGETED_DEVICE_FAMILY = "1,2";
				TEST_TARGET_NAME = SwiftUITestingApplication;
			};
			name = Debug;
		};
		03A810AE29C2C536007EABB7 /* Release */ = {
			isa = XCBuildConfiguration;
			buildSettings = {
				ALWAYS_EMBED_SWIFT_STANDARD_LIBRARIES = YES;
				CODE_SIGN_STYLE = Automatic;
				CURRENT_PROJECT_VERSION = 1;
				DEVELOPMENT_TEAM = E8QYVX8BM8;
				GENERATE_INFOPLIST_FILE = YES;
				MARKETING_VERSION = 1.0;
				PRODUCT_BUNDLE_IDENTIFIER = JDSSwiftUITesting.SwiftUITestingApplicationUITests;
				PRODUCT_NAME = "$(TARGET_NAME)";
				SWIFT_EMIT_LOC_STRINGS = NO;
				SWIFT_VERSION = 5.0;
				TARGETED_DEVICE_FAMILY = "1,2";
				TEST_TARGET_NAME = SwiftUITestingApplication;
			};
			name = Release;
		};
/* End XCBuildConfiguration section */

/* Begin XCConfigurationList section */
		03A8107D29C2C535007EABB7 /* Build configuration list for PBXProject "SwiftUITestingApplication" */ = {
			isa = XCConfigurationList;
			buildConfigurations = (
				03A810A429C2C536007EABB7 /* Debug */,
				03A810A529C2C536007EABB7 /* Release */,
			);
			defaultConfigurationIsVisible = 0;
			defaultConfigurationName = Release;
		};
		03A810A629C2C536007EABB7 /* Build configuration list for PBXNativeTarget "SwiftUITestingApplication" */ = {
			isa = XCConfigurationList;
			buildConfigurations = (
				03A810A729C2C536007EABB7 /* Debug */,
				03A810A829C2C536007EABB7 /* Release */,
			);
			defaultConfigurationIsVisible = 0;
			defaultConfigurationName = Release;
		};
		03A810A929C2C536007EABB7 /* Build configuration list for PBXNativeTarget "SwiftUITestingApplicationTests" */ = {
			isa = XCConfigurationList;
			buildConfigurations = (
				03A810AA29C2C536007EABB7 /* Debug */,
				03A810AB29C2C536007EABB7 /* Release */,
			);
			defaultConfigurationIsVisible = 0;
			defaultConfigurationName = Release;
		};
		03A810AC29C2C536007EABB7 /* Build configuration list for PBXNativeTarget "SwiftUITestingApplicationUITests" */ = {
			isa = XCConfigurationList;
			buildConfigurations = (
				03A810AD29C2C536007EABB7 /* Debug */,
				03A810AE29C2C536007EABB7 /* Release */,
			);
			defaultConfigurationIsVisible = 0;
			defaultConfigurationName = Release;
		};
/* End XCConfigurationList section */
	};
	rootObject = 03A8107A29C2C535007EABB7 /* Project object */;
}
